
Microsoft Visual Studio Solution File, Format Version 12.00
# Visual Studio Version 17
VisualStudioVersion = 17.9.34701.34
MinimumVisualStudioVersion = 10.0.40219.1
Project("{FAE04EC0-301F-11D3-BF4B-00C04F79EFBC}") = "AccountDashBoard", "AccountDashBoard\AccountDashBoard.csproj", "{336C72EA-54E3-4CF4-9044-0561A8EFD752}"
EndProject
Global
	GlobalSection(SolutionConfigurationPlatforms) = preSolution
		Debug|Any CPU = Debug|Any CPU
		Release|Any CPU = Release|Any CPU
	EndGlobalSection
	GlobalSection(ProjectConfigurationPlatforms) = postSolution
		{336C72EA-54E3-4CF4-9044-0561A8EFD752}.Debug|Any CPU.ActiveCfg = Debug|Any CPU
		{336C72EA-54E3-4CF4-9044-0561A8EFD752}.Debug|Any CPU.Build.0 = Debug|Any CPU
		{336C72EA-54E3-4CF4-9044-0561A8EFD752}.Release|Any CPU.ActiveCfg = Release|Any CPU
		{336C72EA-54E3-4CF4-9044-0561A8EFD752}.Release|Any CPU.Build.0 = Release|Any CPU
	EndGlobalSection
	GlobalSection(SolutionProperties) = preSolution
		HideSolutionNode = FALSE
	EndGlobalSection
	GlobalSection(ExtensibilityGlobals) = postSolution
		SolutionGuid = {6C76A846-BF05-47AA-A061-A5CD45A04ECE}
	EndGlobalSection
EndGlobal
